# THIS IS AN AUTOGENERATED FILE. DO NOT EDIT THIS FILE DIRECTLY.
# yarn lockfile v1


"@morphic-ts/adt@^2.0.0-alpha.8":
  version "2.0.0-alpha.8"
  resolved "https://registry.yarnpkg.com/@morphic-ts/adt/-/adt-2.0.0-alpha.8.tgz#8af0a8d37504107669b3891f9f334ba645225ec7"
  integrity sha512-UaJXzBmfK1wB4BPfwx7eLA2agjYu+NaOnpeifQ2BfPle6T2oHZcxMNHGlkfBrSjm/tT/PANQ2lVu70B7/C51ew==
  dependencies:
    fp-ts "^2.5.3"
    monocle-ts "^2.0.1"

fp-ts-contrib@^0.1.19:
  version "0.1.19"
  resolved "https://registry.yarnpkg.com/fp-ts-contrib/-/fp-ts-contrib-0.1.19.tgz#5154f2f277373d54e5b4da6d7ca6751aaa8cfc74"
  integrity sha512-u0dZbkh0gLrtiIV/spcwU7D8uoVAUCD7+Z5xSmDGHVKrw6G7jOQh6MlC0IrHXqiu1+J51ui/oFrKOEj9jA99LQ==

fp-ts@^2.5.3, fp-ts@^2.8.2:
  version "2.8.2"
  resolved "https://registry.yarnpkg.com/fp-ts/-/fp-ts-2.8.2.tgz#7948dea1ceef32e487d7f7f47bd2d3c4fcccfc0d"
  integrity sha512-YKLBW75Rp+L9DuY1jr7QO6mZLTmJjy7tOqSAMcB2q2kBomqLjBMyV7dotpcnZmUYY6khMsfgYWtPbUDOFcNmkA==

io-ts@^2.2.10:
  version "2.2.10"
  resolved "https://registry.yarnpkg.com/io-ts/-/io-ts-2.2.10.tgz#447d02df51717464a90712b146ec8dbc21b4a74b"
  integrity sha512-WHx5jJe7hPpc6JoSIVbD+Xn6tYqe3cRvNpX24d8Wi15/kxhRWa8apo0Gzag6Xg99sCNY9OHKylw/Vhv0JAbNPQ==

monocle-ts@^2.0.1:
  version "2.3.3"
  resolved "https://registry.yarnpkg.com/monocle-ts/-/monocle-ts-2.3.3.tgz#1e6d83dcf42bcb96b74fdda07813c2a47ec6cfa4"
  integrity sha512-pcQyauWO2vapxyZgbhTd73Dv8TmTELx1rL81bvrtPO2sUYTi1MIHmw3j/iMyeNaJwTmnGNAjqJpYV8Gq1Eu68g==

prettier@^2.1.1:
  version "2.1.1"
  resolved "https://registry.yarnpkg.com/prettier/-/prettier-2.1.1.tgz#d9485dd5e499daa6cb547023b87a6cf51bee37d6"
  integrity sha512-9bY+5ZWCfqj3ghYBLxApy2zf6m+NJo5GzmLTpr9FsApsfjriNnS2dahWReHMi7qNPhhHl9SYHJs2cHZLgexNIw==

ts-adt@^1.0.1:
  version "1.0.1"
  resolved "https://registry.yarnpkg.com/ts-adt/-/ts-adt-1.0.1.tgz#9367b495649bc1f21fbdeacec2a3e58aff8bcf97"
  integrity sha512-MfSct+iluJ4u6EjJZL5L6J9ebp1oZz2xdBK2+Y522SFK7MIg8GP7QDFrry/g4CjVEqPfKsg1IQOgwMOE+8xRIg==
